// !$*UTF8*$!
{
	archiveVersion = 1;
	classes = {
	};
	objectVersion = 46;
	objects = {

/* Begin PBXBuildFile section */
		CA54DA721CA94F39000499F2 /* AppDelegate.swift in Sources */ = {isa = PBXBuildFile; fileRef = CA54DA711CA94F39000499F2 /* AppDelegate.swift */; };
		CA54DA741CA94F39000499F2 /* ViewController.swift in Sources */ = {isa = PBXBuildFile; fileRef = CA54DA731CA94F39000499F2 /* ViewController.swift */; };
		CA54DA771CA94F39000499F2 /* Main.storyboard in Resources */ = {isa = PBXBuildFile; fileRef = CA54DA751CA94F39000499F2 /* Main.storyboard */; };
		CA54DA791CA94F39000499F2 /* Assets.xcassets in Resources */ = {isa = PBXBuildFile; fileRef = CA54DA781CA94F39000499F2 /* Assets.xcassets */; };
		CA54DA7C1CA94F39000499F2 /* LaunchScreen.storyboard in Resources */ = {isa = PBXBuildFile; fileRef = CA54DA7A1CA94F39000499F2 /* LaunchScreen.storyboard */; };
		CA54DA871CA94F39000499F2 /* TalkTimerTests.swift in Sources */ = {isa = PBXBuildFile; fileRef = CA54DA861CA94F39000499F2 /* TalkTimerTests.swift */; };
		CA54DA921CA94F39000499F2 /* TalkTimerUITests.swift in Sources */ = {isa = PBXBuildFile; fileRef = CA54DA911CA94F39000499F2 /* TalkTimerUITests.swift */; };
		CA54DA971CA94F39000499F2 /* TalkTimer WatchKit App.app in Embed Watch Content */ = {isa = PBXBuildFile; fileRef = CA54DA961CA94F39000499F2 /* TalkTimer WatchKit App.app */; };
		CA54DA9D1CA94F39000499F2 /* Interface.storyboard in Resources */ = {isa = PBXBuildFile; fileRef = CA54DA9B1CA94F39000499F2 /* Interface.storyboard */; };
		CA54DA9F1CA94F39000499F2 /* Assets.xcassets in Resources */ = {isa = PBXBuildFile; fileRef = CA54DA9E1CA94F39000499F2 /* Assets.xcassets */; };
		CA54DAA61CA94F39000499F2 /* TalkTimer WatchKit Extension.appex in Embed App Extensions */ = {isa = PBXBuildFile; fileRef = CA54DAA51CA94F39000499F2 /* TalkTimer WatchKit Extension.appex */; settings = {ATTRIBUTES = (RemoveHeadersOnCopy, ); }; };
		CA54DAAD1CA94F39000499F2 /* InterfaceController.swift in Sources */ = {isa = PBXBuildFile; fileRef = CA54DAAC1CA94F39000499F2 /* InterfaceController.swift */; };
		CA54DAAF1CA94F39000499F2 /* ExtensionDelegate.swift in Sources */ = {isa = PBXBuildFile; fileRef = CA54DAAE1CA94F39000499F2 /* ExtensionDelegate.swift */; };
		CA54DAB11CA94F39000499F2 /* NotificationController.swift in Sources */ = {isa = PBXBuildFile; fileRef = CA54DAB01CA94F39000499F2 /* NotificationController.swift */; };
		CA54DAB31CA94F39000499F2 /* ComplicationController.swift in Sources */ = {isa = PBXBuildFile; fileRef = CA54DAB21CA94F39000499F2 /* ComplicationController.swift */; };
		CA54DAB51CA94F39000499F2 /* Assets.xcassets in Resources */ = {isa = PBXBuildFile; fileRef = CA54DAB41CA94F39000499F2 /* Assets.xcassets */; };
		CA54DACB1CA950B2000499F2 /* SessionType.swift in Sources */ = {isa = PBXBuildFile; fileRef = CA54DACA1CA950B2000499F2 /* SessionType.swift */; };
		CA54DACD1CA95112000499F2 /* Talk.swift in Sources */ = {isa = PBXBuildFile; fileRef = CA54DACC1CA95112000499F2 /* Talk.swift */; };
		CA54DACF1CA95120000499F2 /* Speaker.swift in Sources */ = {isa = PBXBuildFile; fileRef = CA54DACE1CA95120000499F2 /* Speaker.swift */; };
		CA864CEB1CA9672E005B9DFD /* DataModel.xcdatamodeld in Sources */ = {isa = PBXBuildFile; fileRef = CA864CE91CA9672E005B9DFD /* DataModel.xcdatamodeld */; };
/* End PBXBuildFile section */

/* Begin PBXContainerItemProxy section */
		CA54DA831CA94F39000499F2 /* PBXContainerItemProxy */ = {
			isa = PBXContainerItemProxy;
			containerPortal = CA54DA661CA94F39000499F2 /* Project object */;
			proxyType = 1;
			remoteGlobalIDString = CA54DA6D1CA94F39000499F2;
			remoteInfo = TalkTimer;
		};
		CA54DA8E1CA94F39000499F2 /* PBXContainerItemProxy */ = {
			isa = PBXContainerItemProxy;
			containerPortal = CA54DA661CA94F39000499F2 /* Project object */;
			proxyType = 1;
			remoteGlobalIDString = CA54DA6D1CA94F39000499F2;
			remoteInfo = TalkTimer;
		};
		CA54DA981CA94F39000499F2 /* PBXContainerItemProxy */ = {
			isa = PBXContainerItemProxy;
			containerPortal = CA54DA661CA94F39000499F2 /* Project object */;
			proxyType = 1;
			remoteGlobalIDString = CA54DA951CA94F39000499F2;
			remoteInfo = "TalkTimer WatchKit App";
		};
		CA54DAA71CA94F39000499F2 /* PBXContainerItemProxy */ = {
			isa = PBXContainerItemProxy;
			containerPortal = CA54DA661CA94F39000499F2 /* Project object */;
			proxyType = 1;
			remoteGlobalIDString = CA54DAA41CA94F39000499F2;
			remoteInfo = "TalkTimer WatchKit Extension";
		};
/* End PBXContainerItemProxy section */

/* Begin PBXCopyFilesBuildPhase section */
		CA54DABC1CA94F39000499F2 /* Embed App Extensions */ = {
			isa = PBXCopyFilesBuildPhase;
			buildActionMask = 2147483647;
			dstPath = "";
			dstSubfolderSpec = 13;
			files = (
				CA54DAA61CA94F39000499F2 /* TalkTimer WatchKit Extension.appex in Embed App Extensions */,
			);
			name = "Embed App Extensions";
			runOnlyForDeploymentPostprocessing = 0;
		};
		CA54DAC01CA94F39000499F2 /* Embed Watch Content */ = {
			isa = PBXCopyFilesBuildPhase;
			buildActionMask = 2147483647;
			dstPath = "$(CONTENTS_FOLDER_PATH)/Watch";
			dstSubfolderSpec = 16;
			files = (
				CA54DA971CA94F39000499F2 /* TalkTimer WatchKit App.app in Embed Watch Content */,
			);
			name = "Embed Watch Content";
			runOnlyForDeploymentPostprocessing = 0;
		};
/* End PBXCopyFilesBuildPhase section */

/* Begin PBXFileReference section */
		CA54DA6E1CA94F39000499F2 /* TalkTimer.app */ = {isa = PBXFileReference; explicitFileType = wrapper.application; includeInIndex = 0; path = TalkTimer.app; sourceTree = BUILT_PRODUCTS_DIR; };
		CA54DA711CA94F39000499F2 /* AppDelegate.swift */ = {isa = PBXFileReference; lastKnownFileType = sourcecode.swift; path = AppDelegate.swift; sourceTree = "<group>"; };
		CA54DA731CA94F39000499F2 /* ViewController.swift */ = {isa = PBXFileReference; lastKnownFileType = sourcecode.swift; path = ViewController.swift; sourceTree = "<group>"; };
		CA54DA761CA94F39000499F2 /* Base */ = {isa = PBXFileReference; lastKnownFileType = file.storyboard; name = Base; path = Base.lproj/Main.storyboard; sourceTree = "<group>"; };
		CA54DA781CA94F39000499F2 /* Assets.xcassets */ = {isa = PBXFileReference; lastKnownFileType = folder.assetcatalog; path = Assets.xcassets; sourceTree = "<group>"; };
		CA54DA7B1CA94F39000499F2 /* Base */ = {isa = PBXFileReference; lastKnownFileType = file.storyboard; name = Base; path = Base.lproj/LaunchScreen.storyboard; sourceTree = "<group>"; };
		CA54DA7D1CA94F39000499F2 /* Info.plist */ = {isa = PBXFileReference; lastKnownFileType = text.plist.xml; path = Info.plist; sourceTree = "<group>"; };
		CA54DA821CA94F39000499F2 /* TalkTimerTests.xctest */ = {isa = PBXFileReference; explicitFileType = wrapper.cfbundle; includeInIndex = 0; path = TalkTimerTests.xctest; sourceTree = BUILT_PRODUCTS_DIR; };
		CA54DA861CA94F39000499F2 /* TalkTimerTests.swift */ = {isa = PBXFileReference; lastKnownFileType = sourcecode.swift; path = TalkTimerTests.swift; sourceTree = "<group>"; };
		CA54DA881CA94F39000499F2 /* Info.plist */ = {isa = PBXFileReference; lastKnownFileType = text.plist.xml; path = Info.plist; sourceTree = "<group>"; };
		CA54DA8D1CA94F39000499F2 /* TalkTimerUITests.xctest */ = {isa = PBXFileReference; explicitFileType = wrapper.cfbundle; includeInIndex = 0; path = TalkTimerUITests.xctest; sourceTree = BUILT_PRODUCTS_DIR; };
		CA54DA911CA94F39000499F2 /* TalkTimerUITests.swift */ = {isa = PBXFileReference; lastKnownFileType = sourcecode.swift; path = TalkTimerUITests.swift; sourceTree = "<group>"; };
		CA54DA931CA94F39000499F2 /* Info.plist */ = {isa = PBXFileReference; lastKnownFileType = text.plist.xml; path = Info.plist; sourceTree = "<group>"; };
		CA54DA961CA94F39000499F2 /* TalkTimer WatchKit App.app */ = {isa = PBXFileReference; explicitFileType = wrapper.application; includeInIndex = 0; path = "TalkTimer WatchKit App.app"; sourceTree = BUILT_PRODUCTS_DIR; };
		CA54DA9C1CA94F39000499F2 /* Base */ = {isa = PBXFileReference; lastKnownFileType = file.storyboard; name = Base; path = Base.lproj/Interface.storyboard; sourceTree = "<group>"; };
		CA54DA9E1CA94F39000499F2 /* Assets.xcassets */ = {isa = PBXFileReference; lastKnownFileType = folder.assetcatalog; path = Assets.xcassets; sourceTree = "<group>"; };
		CA54DAA01CA94F39000499F2 /* Info.plist */ = {isa = PBXFileReference; lastKnownFileType = text.plist.xml; path = Info.plist; sourceTree = "<group>"; };
		CA54DAA51CA94F39000499F2 /* TalkTimer WatchKit Extension.appex */ = {isa = PBXFileReference; explicitFileType = "wrapper.app-extension"; includeInIndex = 0; path = "TalkTimer WatchKit Extension.appex"; sourceTree = BUILT_PRODUCTS_DIR; };
		CA54DAAB1CA94F39000499F2 /* PushNotificationPayload.apns */ = {isa = PBXFileReference; lastKnownFileType = text; path = PushNotificationPayload.apns; sourceTree = "<group>"; };
		CA54DAAC1CA94F39000499F2 /* InterfaceController.swift */ = {isa = PBXFileReference; lastKnownFileType = sourcecode.swift; path = InterfaceController.swift; sourceTree = "<group>"; };
		CA54DAAE1CA94F39000499F2 /* ExtensionDelegate.swift */ = {isa = PBXFileReference; lastKnownFileType = sourcecode.swift; path = ExtensionDelegate.swift; sourceTree = "<group>"; };
		CA54DAB01CA94F39000499F2 /* NotificationController.swift */ = {isa = PBXFileReference; lastKnownFileType = sourcecode.swift; path = NotificationController.swift; sourceTree = "<group>"; };
		CA54DAB21CA94F39000499F2 /* ComplicationController.swift */ = {isa = PBXFileReference; lastKnownFileType = sourcecode.swift; path = ComplicationController.swift; sourceTree = "<group>"; };
		CA54DAB41CA94F39000499F2 /* Assets.xcassets */ = {isa = PBXFileReference; lastKnownFileType = folder.assetcatalog; path = Assets.xcassets; sourceTree = "<group>"; };
		CA54DAB61CA94F39000499F2 /* Info.plist */ = {isa = PBXFileReference; lastKnownFileType = text.plist.xml; path = Info.plist; sourceTree = "<group>"; };
		CA54DACA1CA950B2000499F2 /* SessionType.swift */ = {isa = PBXFileReference; fileEncoding = 4; lastKnownFileType = sourcecode.swift; path = SessionType.swift; sourceTree = "<group>"; };
		CA54DACC1CA95112000499F2 /* Talk.swift */ = {isa = PBXFileReference; fileEncoding = 4; lastKnownFileType = sourcecode.swift; path = Talk.swift; sourceTree = "<group>"; };
		CA54DACE1CA95120000499F2 /* Speaker.swift */ = {isa = PBXFileReference; fileEncoding = 4; lastKnownFileType = sourcecode.swift; path = Speaker.swift; sourceTree = "<group>"; };
		CA864CEA1CA9672E005B9DFD /* DataModel.xcdatamodel */ = {isa = PBXFileReference; lastKnownFileType = wrapper.xcdatamodel; path = DataModel.xcdatamodel; sourceTree = "<group>"; };
/* End PBXFileReference section */

/* Begin PBXFrameworksBuildPhase section */
		CA54DA6B1CA94F39000499F2 /* Frameworks */ = {
			isa = PBXFrameworksBuildPhase;
			buildActionMask = 2147483647;
			files = (
			);
			runOnlyForDeploymentPostprocessing = 0;
		};
		CA54DA7F1CA94F39000499F2 /* Frameworks */ = {
			isa = PBXFrameworksBuildPhase;
			buildActionMask = 2147483647;
			files = (
			);
			runOnlyForDeploymentPostprocessing = 0;
		};
		CA54DA8A1CA94F39000499F2 /* Frameworks */ = {
			isa = PBXFrameworksBuildPhase;
			buildActionMask = 2147483647;
			files = (
			);
			runOnlyForDeploymentPostprocessing = 0;
		};
		CA54DAA21CA94F39000499F2 /* Frameworks */ = {
			isa = PBXFrameworksBuildPhase;
			buildActionMask = 2147483647;
			files = (
			);
			runOnlyForDeploymentPostprocessing = 0;
		};
/* End PBXFrameworksBuildPhase section */

/* Begin PBXGroup section */
		CA54DA651CA94F39000499F2 = {
			isa = PBXGroup;
			children = (
				CA54DA701CA94F39000499F2 /* TalkTimer */,
				CA54DA851CA94F39000499F2 /* TalkTimerTests */,
				CA54DA901CA94F39000499F2 /* TalkTimerUITests */,
				CA54DA9A1CA94F39000499F2 /* TalkTimer WatchKit App */,
				CA54DAA91CA94F39000499F2 /* TalkTimer WatchKit Extension */,
				CA54DA6F1CA94F39000499F2 /* Products */,
			);
			sourceTree = "<group>";
		};
		CA54DA6F1CA94F39000499F2 /* Products */ = {
			isa = PBXGroup;
			children = (
				CA54DA6E1CA94F39000499F2 /* TalkTimer.app */,
				CA54DA821CA94F39000499F2 /* TalkTimerTests.xctest */,
				CA54DA8D1CA94F39000499F2 /* TalkTimerUITests.xctest */,
				CA54DA961CA94F39000499F2 /* TalkTimer WatchKit App.app */,
				CA54DAA51CA94F39000499F2 /* TalkTimer WatchKit Extension.appex */,
			);
			name = Products;
			sourceTree = "<group>";
		};
		CA54DA701CA94F39000499F2 /* TalkTimer */ = {
			isa = PBXGroup;
			children = (
				CA54DA711CA94F39000499F2 /* AppDelegate.swift */,
				CA54DA731CA94F39000499F2 /* ViewController.swift */,
				CA54DA751CA94F39000499F2 /* Main.storyboard */,
				CA54DA781CA94F39000499F2 /* Assets.xcassets */,
				CA54DA7A1CA94F39000499F2 /* LaunchScreen.storyboard */,
				CA54DA7D1CA94F39000499F2 /* Info.plist */,
				CA54DACA1CA950B2000499F2 /* SessionType.swift */,
				CA54DACC1CA95112000499F2 /* Talk.swift */,
				CA54DACE1CA95120000499F2 /* Speaker.swift */,
				CA864CE91CA9672E005B9DFD /* DataModel.xcdatamodeld */,
			);
			path = TalkTimer;
			sourceTree = "<group>";
		};
		CA54DA851CA94F39000499F2 /* TalkTimerTests */ = {
			isa = PBXGroup;
			children = (
				CA54DA861CA94F39000499F2 /* TalkTimerTests.swift */,
				CA54DA881CA94F39000499F2 /* Info.plist */,
			);
			path = TalkTimerTests;
			sourceTree = "<group>";
		};
		CA54DA901CA94F39000499F2 /* TalkTimerUITests */ = {
			isa = PBXGroup;
			children = (
				CA54DA911CA94F39000499F2 /* TalkTimerUITests.swift */,
				CA54DA931CA94F39000499F2 /* Info.plist */,
			);
			path = TalkTimerUITests;
			sourceTree = "<group>";
		};
		CA54DA9A1CA94F39000499F2 /* TalkTimer WatchKit App */ = {
			isa = PBXGroup;
			children = (
				CA54DA9B1CA94F39000499F2 /* Interface.storyboard */,
				CA54DA9E1CA94F39000499F2 /* Assets.xcassets */,
				CA54DAA01CA94F39000499F2 /* Info.plist */,
			);
			path = "TalkTimer WatchKit App";
			sourceTree = "<group>";
		};
		CA54DAA91CA94F39000499F2 /* TalkTimer WatchKit Extension */ = {
			isa = PBXGroup;
			children = (
				CA54DAAC1CA94F39000499F2 /* InterfaceController.swift */,
				CA54DAAE1CA94F39000499F2 /* ExtensionDelegate.swift */,
				CA54DAB01CA94F39000499F2 /* NotificationController.swift */,
				CA54DAB21CA94F39000499F2 /* ComplicationController.swift */,
				CA54DAB41CA94F39000499F2 /* Assets.xcassets */,
				CA54DAB61CA94F39000499F2 /* Info.plist */,
				CA54DAAA1CA94F39000499F2 /* Supporting Files */,
			);
			path = "TalkTimer WatchKit Extension";
			sourceTree = "<group>";
		};
		CA54DAAA1CA94F39000499F2 /* Supporting Files */ = {
			isa = PBXGroup;
			children = (
				CA54DAAB1CA94F39000499F2 /* PushNotificationPayload.apns */,
			);
			name = "Supporting Files";
			sourceTree = "<group>";
		};
/* End PBXGroup section */

/* Begin PBXNativeTarget section */
		CA54DA6D1CA94F39000499F2 /* TalkTimer */ = {
			isa = PBXNativeTarget;
			buildConfigurationList = CA54DAC11CA94F39000499F2 /* Build configuration list for PBXNativeTarget "TalkTimer" */;
			buildPhases = (
				CA54DA6A1CA94F39000499F2 /* Sources */,
				CA54DA6B1CA94F39000499F2 /* Frameworks */,
				CA54DA6C1CA94F39000499F2 /* Resources */,
				CA54DAC01CA94F39000499F2 /* Embed Watch Content */,
			);
			buildRules = (
			);
			dependencies = (
				CA54DA991CA94F39000499F2 /* PBXTargetDependency */,
			);
			name = TalkTimer;
			productName = TalkTimer;
			productReference = CA54DA6E1CA94F39000499F2 /* TalkTimer.app */;
			productType = "com.apple.product-type.application";
		};
		CA54DA811CA94F39000499F2 /* TalkTimerTests */ = {
			isa = PBXNativeTarget;
			buildConfigurationList = CA54DAC41CA94F39000499F2 /* Build configuration list for PBXNativeTarget "TalkTimerTests" */;
			buildPhases = (
				CA54DA7E1CA94F39000499F2 /* Sources */,
				CA54DA7F1CA94F39000499F2 /* Frameworks */,
				CA54DA801CA94F39000499F2 /* Resources */,
			);
			buildRules = (
			);
			dependencies = (
				CA54DA841CA94F39000499F2 /* PBXTargetDependency */,
			);
			name = TalkTimerTests;
			productName = TalkTimerTests;
			productReference = CA54DA821CA94F39000499F2 /* TalkTimerTests.xctest */;
			productType = "com.apple.product-type.bundle.unit-test";
		};
		CA54DA8C1CA94F39000499F2 /* TalkTimerUITests */ = {
			isa = PBXNativeTarget;
			buildConfigurationList = CA54DAC71CA94F39000499F2 /* Build configuration list for PBXNativeTarget "TalkTimerUITests" */;
			buildPhases = (
				CA54DA891CA94F39000499F2 /* Sources */,
				CA54DA8A1CA94F39000499F2 /* Frameworks */,
				CA54DA8B1CA94F39000499F2 /* Resources */,
			);
			buildRules = (
			);
			dependencies = (
				CA54DA8F1CA94F39000499F2 /* PBXTargetDependency */,
			);
			name = TalkTimerUITests;
			productName = TalkTimerUITests;
			productReference = CA54DA8D1CA94F39000499F2 /* TalkTimerUITests.xctest */;
			productType = "com.apple.product-type.bundle.ui-testing";
		};
		CA54DA951CA94F39000499F2 /* TalkTimer WatchKit App */ = {
			isa = PBXNativeTarget;
			buildConfigurationList = CA54DABD1CA94F39000499F2 /* Build configuration list for PBXNativeTarget "TalkTimer WatchKit App" */;
			buildPhases = (
				CA54DA941CA94F39000499F2 /* Resources */,
				CA54DABC1CA94F39000499F2 /* Embed App Extensions */,
			);
			buildRules = (
			);
			dependencies = (
				CA54DAA81CA94F39000499F2 /* PBXTargetDependency */,
			);
			name = "TalkTimer WatchKit App";
			productName = "TalkTimer WatchKit App";
			productReference = CA54DA961CA94F39000499F2 /* TalkTimer WatchKit App.app */;
			productType = "com.apple.product-type.application.watchapp2";
		};
		CA54DAA41CA94F39000499F2 /* TalkTimer WatchKit Extension */ = {
			isa = PBXNativeTarget;
			buildConfigurationList = CA54DAB91CA94F39000499F2 /* Build configuration list for PBXNativeTarget "TalkTimer WatchKit Extension" */;
			buildPhases = (
				CA54DAA11CA94F39000499F2 /* Sources */,
				CA54DAA21CA94F39000499F2 /* Frameworks */,
				CA54DAA31CA94F39000499F2 /* Resources */,
			);
			buildRules = (
			);
			dependencies = (
			);
			name = "TalkTimer WatchKit Extension";
			productName = "TalkTimer WatchKit Extension";
			productReference = CA54DAA51CA94F39000499F2 /* TalkTimer WatchKit Extension.appex */;
			productType = "com.apple.product-type.watchkit2-extension";
		};
/* End PBXNativeTarget section */

/* Begin PBXProject section */
		CA54DA661CA94F39000499F2 /* Project object */ = {
			isa = PBXProject;
			attributes = {
				LastSwiftUpdateCheck = 0720;
				LastUpgradeCheck = 0720;
				ORGANIZATIONNAME = "Helmut Gehrer";
				TargetAttributes = {
					CA54DA6D1CA94F39000499F2 = {
						CreatedOnToolsVersion = 7.2.1;
						DevelopmentTeam = 229HN4JPS7;
						SystemCapabilities = {
							com.apple.ApplicationGroups.iOS = {
								enabled = 0;
							};
							com.apple.BackgroundModes = {
								enabled = 0;
							};
						};
					};
					CA54DA811CA94F39000499F2 = {
						CreatedOnToolsVersion = 7.2.1;
						DevelopmentTeam = 229HN4JPS7;
						TestTargetID = CA54DA6D1CA94F39000499F2;
					};
					CA54DA8C1CA94F39000499F2 = {
						CreatedOnToolsVersion = 7.2.1;
						DevelopmentTeam = 229HN4JPS7;
						TestTargetID = CA54DA6D1CA94F39000499F2;
					};
					CA54DA951CA94F39000499F2 = {
						CreatedOnToolsVersion = 7.2.1;
						DevelopmentTeam = 229HN4JPS7;
					};
					CA54DAA41CA94F39000499F2 = {
						CreatedOnToolsVersion = 7.2.1;
						DevelopmentTeam = 229HN4JPS7;
					};
				};
			};
			buildConfigurationList = CA54DA691CA94F39000499F2 /* Build configuration list for PBXProject "TalkTimer" */;
			compatibilityVersion = "Xcode 3.2";
			developmentRegion = English;
			hasScannedForEncodings = 0;
			knownRegions = (
				en,
				Base,
			);
			mainGroup = CA54DA651CA94F39000499F2;
			productRefGroup = CA54DA6F1CA94F39000499F2 /* Products */;
			projectDirPath = "";
			projectRoot = "";
			targets = (
				CA54DA6D1CA94F39000499F2 /* TalkTimer */,
				CA54DA811CA94F39000499F2 /* TalkTimerTests */,
				CA54DA8C1CA94F39000499F2 /* TalkTimerUITests */,
				CA54DA951CA94F39000499F2 /* TalkTimer WatchKit App */,
				CA54DAA41CA94F39000499F2 /* TalkTimer WatchKit Extension */,
			);
		};
/* End PBXProject section */

/* Begin PBXResourcesBuildPhase section */
		CA54DA6C1CA94F39000499F2 /* Resources */ = {
			isa = PBXResourcesBuildPhase;
			buildActionMask = 2147483647;
			files = (
				CA54DA7C1CA94F39000499F2 /* LaunchScreen.storyboard in Resources */,
				CA54DA791CA94F39000499F2 /* Assets.xcassets in Resources */,
				CA54DA771CA94F39000499F2 /* Main.storyboard in Resources */,
			);
			runOnlyForDeploymentPostprocessing = 0;
		};
		CA54DA801CA94F39000499F2 /* Resources */ = {
			isa = PBXResourcesBuildPhase;
			buildActionMask = 2147483647;
			files = (
			);
			runOnlyForDeploymentPostprocessing = 0;
		};
		CA54DA8B1CA94F39000499F2 /* Resources */ = {
			isa = PBXResourcesBuildPhase;
			buildActionMask = 2147483647;
			files = (
			);
			runOnlyForDeploymentPostprocessing = 0;
		};
		CA54DA941CA94F39000499F2 /* Resources */ = {
			isa = PBXResourcesBuildPhase;
			buildActionMask = 2147483647;
			files = (
				CA54DA9F1CA94F39000499F2 /* Assets.xcassets in Resources */,
				CA54DA9D1CA94F39000499F2 /* Interface.storyboard in Resources */,
			);
			runOnlyForDeploymentPostprocessing = 0;
		};
		CA54DAA31CA94F39000499F2 /* Resources */ = {
			isa = PBXResourcesBuildPhase;
			buildActionMask = 2147483647;
			files = (
				CA54DAB51CA94F39000499F2 /* Assets.xcassets in Resources */,
			);
			runOnlyForDeploymentPostprocessing = 0;
		};
/* End PBXResourcesBuildPhase section */

/* Begin PBXSourcesBuildPhase section */
		CA54DA6A1CA94F39000499F2 /* Sources */ = {
			isa = PBXSourcesBuildPhase;
			buildActionMask = 2147483647;
			files = (
				CA54DA741CA94F39000499F2 /* ViewController.swift in Sources */,
				CA54DACD1CA95112000499F2 /* Talk.swift in Sources */,
				CA54DACF1CA95120000499F2 /* Speaker.swift in Sources */,
				CA864CEB1CA9672E005B9DFD /* DataModel.xcdatamodeld in Sources */,
				CA54DACB1CA950B2000499F2 /* SessionType.swift in Sources */,
				CA54DA721CA94F39000499F2 /* AppDelegate.swift in Sources */,
			);
			runOnlyForDeploymentPostprocessing = 0;
		};
		CA54DA7E1CA94F39000499F2 /* Sources */ = {
			isa = PBXSourcesBuildPhase;
			buildActionMask = 2147483647;
			files = (
				CA54DA871CA94F39000499F2 /* TalkTimerTests.swift in Sources */,
			);
			runOnlyForDeploymentPostprocessing = 0;
		};
		CA54DA891CA94F39000499F2 /* Sources */ = {
			isa = PBXSourcesBuildPhase;
			buildActionMask = 2147483647;
			files = (
				CA54DA921CA94F39000499F2 /* TalkTimerUITests.swift in Sources */,
			);
			runOnlyForDeploymentPostprocessing = 0;
		};
		CA54DAA11CA94F39000499F2 /* Sources */ = {
			isa = PBXSourcesBuildPhase;
			buildActionMask = 2147483647;
			files = (
				CA54DAB11CA94F39000499F2 /* NotificationController.swift in Sources */,
				CA54DAB31CA94F39000499F2 /* ComplicationController.swift in Sources */,
				CA54DAAF1CA94F39000499F2 /* ExtensionDelegate.swift in Sources */,
				CA54DAAD1CA94F39000499F2 /* InterfaceController.swift in Sources */,
			);
			runOnlyForDeploymentPostprocessing = 0;
		};
/* End PBXSourcesBuildPhase section */

/* Begin PBXTargetDependency section */
		CA54DA841CA94F39000499F2 /* PBXTargetDependency */ = {
			isa = PBXTargetDependency;
			target = CA54DA6D1CA94F39000499F2 /* TalkTimer */;
			targetProxy = CA54DA831CA94F39000499F2 /* PBXContainerItemProxy */;
		};
		CA54DA8F1CA94F39000499F2 /* PBXTargetDependency */ = {
			isa = PBXTargetDependency;
			target = CA54DA6D1CA94F39000499F2 /* TalkTimer */;
			targetProxy = CA54DA8E1CA94F39000499F2 /* PBXContainerItemProxy */;
		};
		CA54DA991CA94F39000499F2 /* PBXTargetDependency */ = {
			isa = PBXTargetDependency;
			target = CA54DA951CA94F39000499F2 /* TalkTimer WatchKit App */;
			targetProxy = CA54DA981CA94F39000499F2 /* PBXContainerItemProxy */;
		};
		CA54DAA81CA94F39000499F2 /* PBXTargetDependency */ = {
			isa = PBXTargetDependency;
			target = CA54DAA41CA94F39000499F2 /* TalkTimer WatchKit Extension */;
			targetProxy = CA54DAA71CA94F39000499F2 /* PBXContainerItemProxy */;
		};
/* End PBXTargetDependency section */

/* Begin PBXVariantGroup section */
		CA54DA751CA94F39000499F2 /* Main.storyboard */ = {
			isa = PBXVariantGroup;
			children = (
				CA54DA761CA94F39000499F2 /* Base */,
			);
			name = Main.storyboard;
			sourceTree = "<group>";
		};
		CA54DA7A1CA94F39000499F2 /* LaunchScreen.storyboard */ = {
			isa = PBXVariantGroup;
			children = (
				CA54DA7B1CA94F39000499F2 /* Base */,
			);
			name = LaunchScreen.storyboard;
			sourceTree = "<group>";
		};
		CA54DA9B1CA94F39000499F2 /* Interface.storyboard */ = {
			isa = PBXVariantGroup;
			children = (
				CA54DA9C1CA94F39000499F2 /* Base */,
			);
			name = Interface.storyboard;
			sourceTree = "<group>";
		};
/* End PBXVariantGroup section */

/* Begin XCBuildConfiguration section */
		CA54DAB71CA94F39000499F2 /* Debug */ = {
			isa = XCBuildConfiguration;
			buildSettings = {
				ALWAYS_SEARCH_USER_PATHS = NO;
				CLANG_CXX_LANGUAGE_STANDARD = "gnu++0x";
				CLANG_CXX_LIBRARY = "libc++";
				CLANG_ENABLE_MODULES = YES;
				CLANG_ENABLE_OBJC_ARC = YES;
				CLANG_WARN_BOOL_CONVERSION = YES;
				CLANG_WARN_CONSTANT_CONVERSION = YES;
				CLANG_WARN_DIRECT_OBJC_ISA_USAGE = YES_ERROR;
				CLANG_WARN_EMPTY_BODY = YES;
				CLANG_WARN_ENUM_CONVERSION = YES;
				CLANG_WARN_INT_CONVERSION = YES;
				CLANG_WARN_OBJC_ROOT_CLASS = YES_ERROR;
				CLANG_WARN_UNREACHABLE_CODE = YES;
				CLANG_WARN__DUPLICATE_METHOD_MATCH = YES;
				"CODE_SIGN_IDENTITY[sdk=iphoneos*]" = "iPhone Developer";
				COPY_PHASE_STRIP = NO;
				DEBUG_INFORMATION_FORMAT = dwarf;
				ENABLE_STRICT_OBJC_MSGSEND = YES;
				ENABLE_TESTABILITY = YES;
				GCC_C_LANGUAGE_STANDARD = gnu99;
				GCC_DYNAMIC_NO_PIC = NO;
				GCC_NO_COMMON_BLOCKS = YES;
				GCC_OPTIMIZATION_LEVEL = 0;
				GCC_PREPROCESSOR_DEFINITIONS = (
					"DEBUG=1",
					"$(inherited)",
				);
				GCC_WARN_64_TO_32_BIT_CONVERSION = YES;
				GCC_WARN_ABOUT_RETURN_TYPE = YES_ERROR;
				GCC_WARN_UNDECLARED_SELECTOR = YES;
				GCC_WARN_UNINITIALIZED_AUTOS = YES_AGGRESSIVE;
				GCC_WARN_UNUSED_FUNCTION = YES;
				GCC_WARN_UNUSED_VARIABLE = YES;
				IPHONEOS_DEPLOYMENT_TARGET = 9.2;
				MTL_ENABLE_DEBUG_INFO = YES;
				ONLY_ACTIVE_ARCH = YES;
				SDKROOT = iphoneos;
				SWIFT_OPTIMIZATION_LEVEL = "-Onone";
			};
			name = Debug;
		};
		CA54DAB81CA94F39000499F2 /* Release */ = {
			isa = XCBuildConfiguration;
			buildSettings = {
				ALWAYS_SEARCH_USER_PATHS = NO;
				CLANG_CXX_LANGUAGE_STANDARD = "gnu++0x";
				CLANG_CXX_LIBRARY = "libc++";
				CLANG_ENABLE_MODULES = YES;
				CLANG_ENABLE_OBJC_ARC = YES;
				CLANG_WARN_BOOL_CONVERSION = YES;
				CLANG_WARN_CONSTANT_CONVERSION = YES;
				CLANG_WARN_DIRECT_OBJC_ISA_USAGE = YES_ERROR;
				CLANG_WARN_EMPTY_BODY = YES;
				CLANG_WARN_ENUM_CONVERSION = YES;
				CLANG_WARN_INT_CONVERSION = YES;
				CLANG_WARN_OBJC_ROOT_CLASS = YES_ERROR;
				CLANG_WARN_UNREACHABLE_CODE = YES;
				CLANG_WARN__DUPLICATE_METHOD_MATCH = YES;
				"CODE_SIGN_IDENTITY[sdk=iphoneos*]" = "iPhone Developer";
				COPY_PHASE_STRIP = NO;
				DEBUG_INFORMATION_FORMAT = "dwarf-with-dsym";
				ENABLE_NS_ASSERTIONS = NO;
				ENABLE_STRICT_OBJC_MSGSEND = YES;
				GCC_C_LANGUAGE_STANDARD = gnu99;
				GCC_NO_COMMON_BLOCKS = YES;
				GCC_WARN_64_TO_32_BIT_CONVERSION = YES;
				GCC_WARN_ABOUT_RETURN_TYPE = YES_ERROR;
				GCC_WARN_UNDECLARED_SELECTOR = YES;
				GCC_WARN_UNINITIALIZED_AUTOS = YES_AGGRESSIVE;
				GCC_WARN_UNUSED_FUNCTION = YES;
				GCC_WARN_UNUSED_VARIABLE = YES;
				IPHONEOS_DEPLOYMENT_TARGET = 9.2;
				MTL_ENABLE_DEBUG_INFO = NO;
				SDKROOT = iphoneos;
				VALIDATE_PRODUCT = YES;
			};
			name = Release;
		};
		CA54DABA1CA94F39000499F2 /* Debug */ = {
			isa = XCBuildConfiguration;
			buildSettings = {
				ASSETCATALOG_COMPILER_COMPLICATION_NAME = Complication;
				INFOPLIST_FILE = "TalkTimer WatchKit Extension/Info.plist";
				LD_RUNPATH_SEARCH_PATHS = "$(inherited) @executable_path/Frameworks @executable_path/../../Frameworks";
				PRODUCT_BUNDLE_IDENTIFIER = ch.helmchen.TalkTimer.watchkitapp.watchkitextension;
				PRODUCT_NAME = "${TARGET_NAME}";
				SDKROOT = watchos;
				SKIP_INSTALL = YES;
				TARGETED_DEVICE_FAMILY = 4;
				WATCHOS_DEPLOYMENT_TARGET = 2.1;
			};
			name = Debug;
		};
		CA54DABB1CA94F39000499F2 /* Release */ = {
			isa = XCBuildConfiguration;
			buildSettings = {
				ASSETCATALOG_COMPILER_COMPLICATION_NAME = Complication;
				INFOPLIST_FILE = "TalkTimer WatchKit Extension/Info.plist";
				LD_RUNPATH_SEARCH_PATHS = "$(inherited) @executable_path/Frameworks @executable_path/../../Frameworks";
				PRODUCT_BUNDLE_IDENTIFIER = ch.helmchen.TalkTimer.watchkitapp.watchkitextension;
				PRODUCT_NAME = "${TARGET_NAME}";
				SDKROOT = watchos;
				SKIP_INSTALL = YES;
				TARGETED_DEVICE_FAMILY = 4;
				WATCHOS_DEPLOYMENT_TARGET = 2.1;
			};
			name = Release;
		};
		CA54DABE1CA94F39000499F2 /* Debug */ = {
			isa = XCBuildConfiguration;
			buildSettings = {
				ASSETCATALOG_COMPILER_APPICON_NAME = AppIcon;
				EMBEDDED_CONTENT_CONTAINS_SWIFT = YES;
				IBSC_MODULE = TalkTimer_WatchKit_Extension;
				INFOPLIST_FILE = "TalkTimer WatchKit App/Info.plist";
				PRODUCT_BUNDLE_IDENTIFIER = ch.helmchen.TalkTimer.watchkitapp;
				PRODUCT_NAME = "$(TARGET_NAME)";
				SDKROOT = watchos;
				SKIP_INSTALL = YES;
				TARGETED_DEVICE_FAMILY = 4;
				WATCHOS_DEPLOYMENT_TARGET = 2.1;
			};
			name = Debug;
		};
		CA54DABF1CA94F39000499F2 /* Release */ = {
			isa = XCBuildConfiguration;
			buildSettings = {
				ASSETCATALOG_COMPILER_APPICON_NAME = AppIcon;
				EMBEDDED_CONTENT_CONTAINS_SWIFT = YES;
				IBSC_MODULE = TalkTimer_WatchKit_Extension;
				INFOPLIST_FILE = "TalkTimer WatchKit App/Info.plist";
				PRODUCT_BUNDLE_IDENTIFIER = ch.helmchen.TalkTimer.watchkitapp;
				PRODUCT_NAME = "$(TARGET_NAME)";
				SDKROOT = watchos;
				SKIP_INSTALL = YES;
				TARGETED_DEVICE_FAMILY = 4;
				WATCHOS_DEPLOYMENT_TARGET = 2.1;
			};
			name = Release;
		};
		CA54DAC21CA94F39000499F2 /* Debug */ = {
			isa = XCBuildConfiguration;
			buildSettings = {
				ASSETCATALOG_COMPILER_APPICON_NAME = AppIcon;
				CODE_SIGN_ENTITLEMENTS = "";
				CODE_SIGN_IDENTITY = "iPhone Developer";
				"CODE_SIGN_IDENTITY[sdk=iphoneos*]" = "iPhone Developer";
				INFOPLIST_FILE = TalkTimer/Info.plist;
				LD_RUNPATH_SEARCH_PATHS = "$(inherited) @executable_path/Frameworks";
				PRODUCT_BUNDLE_IDENTIFIER = ch.helmchen.TalkTimer;
				PRODUCT_NAME = "$(TARGET_NAME)";
				PROVISIONING_PROFILE = "";
			};
			name = Debug;
		};
		CA54DAC31CA94F39000499F2 /* Release */ = {
			isa = XCBuildConfiguration;
			buildSettings = {
				ASSETCATALOG_COMPILER_APPICON_NAME = AppIcon;
				CODE_SIGN_ENTITLEMENTS = "";
				CODE_SIGN_IDENTITY = "iPhone Developer";
				"CODE_SIGN_IDENTITY[sdk=iphoneos*]" = "iPhone Developer";
				INFOPLIST_FILE = TalkTimer/Info.plist;
				LD_RUNPATH_SEARCH_PATHS = "$(inherited) @executable_path/Frameworks";
				PRODUCT_BUNDLE_IDENTIFIER = ch.helmchen.TalkTimer;
				PRODUCT_NAME = "$(TARGET_NAME)";
				PROVISIONING_PROFILE = "";
			};
			name = Release;
		};
		CA54DAC51CA94F39000499F2 /* Debug */ = {
			isa = XCBuildConfiguration;
			buildSettings = {
				BUNDLE_LOADER = "$(TEST_HOST)";
				INFOPLIST_FILE = TalkTimerTests/Info.plist;
				LD_RUNPATH_SEARCH_PATHS = "$(inherited) @executable_path/Frameworks @loader_path/Frameworks";
				PRODUCT_BUNDLE_IDENTIFIER = ch.helmchen.TalkTimerTests;
				PRODUCT_NAME = "$(TARGET_NAME)";
				TEST_HOST = "$(BUILT_PRODUCTS_DIR)/TalkTimer.app/TalkTimer";
			};
			name = Debug;
		};
		CA54DAC61CA94F39000499F2 /* Release */ = {
			isa = XCBuildConfiguration;
			buildSettings = {
				BUNDLE_LOADER = "$(TEST_HOST)";
				INFOPLIST_FILE = TalkTimerTests/Info.plist;
				LD_RUNPATH_SEARCH_PATHS = "$(inherited) @executable_path/Frameworks @loader_path/Frameworks";
				PRODUCT_BUNDLE_IDENTIFIER = ch.helmchen.TalkTimerTests;
				PRODUCT_NAME = "$(TARGET_NAME)";
				TEST_HOST = "$(BUILT_PRODUCTS_DIR)/TalkTimer.app/TalkTimer";
			};
			name = Release;
		};
		CA54DAC81CA94F39000499F2 /* Debug */ = {
			isa = XCBuildConfiguration;
			buildSettings = {
				INFOPLIST_FILE = TalkTimerUITests/Info.plist;
				LD_RUNPATH_SEARCH_PATHS = "$(inherited) @executable_path/Frameworks @loader_path/Frameworks";
				PRODUCT_BUNDLE_IDENTIFIER = ch.helmchen.TalkTimerUITests;
				PRODUCT_NAME = "$(TARGET_NAME)";
				TEST_TARGET_NAME = TalkTimer;
				USES_XCTRUNNER = YES;
			};
			name = Debug;
		};
		CA54DAC91CA94F39000499F2 /* Release */ = {
			isa = XCBuildConfiguration;
			buildSettings = {
				INFOPLIST_FILE = TalkTimerUITests/Info.plist;
				LD_RUNPATH_SEARCH_PATHS = "$(inherited) @executable_path/Frameworks @loader_path/Frameworks";
				PRODUCT_BUNDLE_IDENTIFIER = ch.helmchen.TalkTimerUITests;
				PRODUCT_NAME = "$(TARGET_NAME)";
				TEST_TARGET_NAME = TalkTimer;
				USES_XCTRUNNER = YES;
			};
			name = Release;
		};
/* End XCBuildConfiguration section */

/* Begin XCConfigurationList section */
		CA54DA691CA94F39000499F2 /* Build configuration list for PBXProject "TalkTimer" */ = {
			isa = XCConfigurationList;
			buildConfigurations = (
				CA54DAB71CA94F39000499F2 /* Debug */,
				CA54DAB81CA94F39000499F2 /* Release */,
			);
			defaultConfigurationIsVisible = 0;
			defaultConfigurationName = Release;
		};
		CA54DAB91CA94F39000499F2 /* Build configuration list for PBXNativeTarget "TalkTimer WatchKit Extension" */ = {
			isa = XCConfigurationList;
			buildConfigurations = (
				CA54DABA1CA94F39000499F2 /* Debug */,
				CA54DABB1CA94F39000499F2 /* Release */,
			);
			defaultConfigurationIsVisible = 0;
			defaultConfigurationName = Release;
		};
		CA54DABD1CA94F39000499F2 /* Build configuration list for PBXNativeTarget "TalkTimer WatchKit App" */ = {
			isa = XCConfigurationList;
			buildConfigurations = (
				CA54DABE1CA94F39000499F2 /* Debug */,
				CA54DABF1CA94F39000499F2 /* Release */,
			);
			defaultConfigurationIsVisible = 0;
			defaultConfigurationName = Release;
		};
		CA54DAC11CA94F39000499F2 /* Build configuration list for PBXNativeTarget "TalkTimer" */ = {
			isa = XCConfigurationList;
			buildConfigurations = (
				CA54DAC21CA94F39000499F2 /* Debug */,
				CA54DAC31CA94F39000499F2 /* Release */,
			);
			defaultConfigurationIsVisible = 0;
			defaultConfigurationName = Release;
		};
		CA54DAC41CA94F39000499F2 /* Build configuration list for PBXNativeTarget "TalkTimerTests" */ = {
			isa = XCConfigurationList;
			buildConfigurations = (
				CA54DAC51CA94F39000499F2 /* Debug */,
				CA54DAC61CA94F39000499F2 /* Release */,
			);
			defaultConfigurationIsVisible = 0;
			defaultConfigurationName = Release;
		};
		CA54DAC71CA94F39000499F2 /* Build configuration list for PBXNativeTarget "TalkTimerUITests" */ = {
			isa = XCConfigurationList;
			buildConfigurations = (
				CA54DAC81CA94F39000499F2 /* Debug */,
				CA54DAC91CA94F39000499F2 /* Release */,
			);
			defaultConfigurationIsVisible = 0;
			defaultConfigurationName = Release;
		};
/* End XCConfigurationList section */

/* Begin XCVersionGroup section */
		CA864CE91CA9672E005B9DFD /* DataModel.xcdatamodeld */ = {
			isa = XCVersionGroup;
			children = (
				CA864CEA1CA9672E005B9DFD /* DataModel.xcdatamodel */,
			);
			currentVersion = CA864CEA1CA9672E005B9DFD /* DataModel.xcdatamodel */;
			path = DataModel.xcdatamodeld;
			sourceTree = "<group>";
			versionGroupType = wrapper.xcdatamodel;
		};
/* End XCVersionGroup section */
	};
	rootObject = CA54DA661CA94F39000499F2 /* Project object */;
}
